{
    "_meta": {
        "hash": {
            "sha256": "a12d276354e2416b1bad1d7d22739d3990b394b3bc132910018558947bdff6dc"
        },
        "pipfile-spec": 6,
        "requires": {
            "python_version": "3.6"
        },
        "sources": [
            {
                "name": "pypi",
                "url": "https://pypi.org/simple",
                "verify_ssl": true
            }
        ]
    },
    "default": {
        "beautifulsoup4": {
            "hashes": [
                "sha256:58d5c3d29f5a36ffeb94f02f0d786cd53014cf9b3b3951d42e0080d8a9498d30",
                "sha256:ad9aa55b65ef2808eb405f46cf74df7fcb7044d5cbc26487f96eb2ef2e436693"
            ],
            "markers": "python_version >= '3.6'",
            "version": "==4.11.1"
        },
        "bs4": {
            "hashes": [
                "sha256:36ecea1fd7cc5c0c6e4a1ff075df26d50da647b75376626cc186e2212886dd3a"
            ],
            "index": "pypi",
            "version": "==0.0.1"
        },
        "certifi": {
            "hashes": [
                "sha256:35824b4c3a97115964b408844d64aa14db1cc518f6562e8d7261699d1350a9e3",
                "sha256:4ad3232f5e926d6718ec31cfc1fcadfde020920e278684144551c91769c7bc18"
            ],
            "index": "pypi",
            "version": "==2022.12.7"
        },
        "chardet": {
            "hashes": [
                "sha256:84ab92ed1c4d4f16916e05906b6b75a6c0fb5db821cc65e70cbd64a3e2a5eaae",
                "sha256:fc323ffcaeaed0e0a02bf4d117757b98aed530d9ed4531e3e15460124c106691"
            ],
            "version": "==3.0.4"
        },
        "idna": {
            "hashes": [
                "sha256:c357b3f628cf53ae2c4c05627ecc484553142ca23264e593d327bcde5e9c3407",
                "sha256:ea8b7f6188e6fa117537c3df7da9fc686d485087abf6ac197f9c46432f7e4a3c"
            ],
            "version": "==2.8"
        },
        "mwparserfromhell": {
            "hashes": [
                "sha256:0abc68fe60a38e68f3e155f86b4aad7af77cf74bfc7968eb6e73c07774530d1f",
                "sha256:0e90de3831f495135896729be34a07bd402b6b3c2a3e4d6c88996d5fa83eda67",
                "sha256:469b6f0eddf549853147c9b4330c28832ac24afb9c8478ad13bc538bd3c42753",
                "sha256:59a012594365e0402f557ab0d8c2a17e2b12f7974c4325a4087712131abe236f",
                "sha256:90a78c4df40f2d5f67c9f84300c08bf0418b2fee19e577f244f82b93ebf7e673",
                "sha256:94757060d8434f4899ce90290ee2fb8a828552af899eb70d7d289fa188bb7c46",
                "sha256:c5da96c0f8a71dd922a3bf2567936bc848f38809d7edc1eb7759d1e2f9ef9046",
                "sha256:e8f70d800b7d2a608bd56fa3c2621184a471432ea45c0a9a56c0b48987004469",
                "sha256:f589ad44fbbfb2a4d4540e6046fc090d9a9d8cc128f62a49137cd6ee02de51d8",
                "sha256:f74cc77045b7e1a2e899c46374e7176294fca44ccb53b32bf44600a4b2c192ec",
                "sha256:fb86686f6bb2c6305a03599eaadb878df529557b62f56f6d72b3dd5f150231ab"
            ],
            "index": "pypi",
            "version": "==0.5.2"
        },
        "requests": {
            "hashes": [
                "sha256:502a824f31acdacb3a35b6690b5fbf0bc41d63a24a45c4004352b0242707598e",
                "sha256:7bf2a778576d825600030a110f3c0e3e8edc51dfaafe1c146e39a2027784957b"
            ],
            "index": "pypi",
            "version": "==2.21.0"
        },
        "soupsieve": {
            "hashes": [
                "sha256:3b2503d3c7084a42b1ebd08116e5f81aadfaea95863628c80a3b774a11b7c759",
                "sha256:fc53893b3da2c33de295667a0e19f078c14bf86544af307354de5fcf12a3f30d"
            ],
            "markers": "python_version >= '3.6'",
            "version": "==2.3.2.post1"
        },
        "tabulate": {
            "hashes": [
                "sha256:8af07a39377cee1103a5c8b3330a421c2d99b9141e9cc5ddd2e3263fea416943"
            ],
            "index": "pypi",
            "version": "==0.8.3"
        },
        "urllib3": {
            "hashes": [
                "sha256:2393a695cd12afedd0dcb26fe5d50d0cf248e5a66f75dbd89a3d4eb333a61af4",
                "sha256:a637e5fae88995b256e3409dc4d52c2e2e0ba32c42a6365fee8bbd2238de3cfb"
            ],
            "markers": "python_version >= '2.7' and python_version not in '3.0, 3.1, 3.2, 3.3' and python_version < '4'",
            "version": "==1.24.3"
        }
    },
    "develop": {}
}
